Microsoft Visual Studio Solution File, Format Version 12.00
# Visual Studio 2012
Project("{FAE04EC0-301F-11D3-BF4B-00C04F79EFBC}") = "Burri Predhaxhi", "Burri Predhaxhi.csproj", "{62878B57-63C6-42E0-86E1-49D3CF7BE04D}"
EndProject
Global
	GlobalSection(SolutionConfigurationPlatforms) = preSolution
	Debug|Any CPU = Debug|Any CPU
	ExportDebug|Any CPU = ExportDebug|Any CPU
	ExportRelease|Any CPU = ExportRelease|Any CPU
	EndGlobalSection
	GlobalSection(ProjectConfigurationPlatforms) = postSolution
		{62878B57-63C6-42E0-86E1-49D3CF7BE04D}.Debug|Any CPU.ActiveCfg = Debug|Any CPU
		{62878B57-63C6-42E0-86E1-49D3CF7BE04D}.Debug|Any CPU.Build.0 = Debug|Any CPU
		{62878B57-63C6-42E0-86E1-49D3CF7BE04D}.ExportDebug|Any CPU.ActiveCfg = ExportDebug|Any CPU
		{62878B57-63C6-42E0-86E1-49D3CF7BE04D}.ExportDebug|Any CPU.Build.0 = ExportDebug|Any CPU
		{62878B57-63C6-42E0-86E1-49D3CF7BE04D}.ExportRelease|Any CPU.ActiveCfg = ExportRelease|Any CPU
		{62878B57-63C6-42E0-86E1-49D3CF7BE04D}.ExportRelease|Any CPU.Build.0 = ExportRelease|Any CPU
	EndGlobalSection
EndGlobal
